
Microsoft Visual Studio Solution File, Format Version 12.00
# Visual Studio Version 17
VisualStudioVersion = 17.6.33829.357
MinimumVisualStudioVersion = 10.0.40219.1
Project("{9A19103F-16F7-4668-BE54-9A1E7A4F7556}") = "DefaultController", "DefaultController\DefaultController.csproj", "{4F1BD858-1AE0-4BC1-B8CA-16703E6D8C74}"
EndProject
Project("{9A19103F-16F7-4668-BE54-9A1E7A4F7556}") = "DependencyInjection", "DependencyInjection\DependencyInjection.csproj", "{EA4BA616-53C5-428E-AF41-745B295FF07A}"
EndProject
Project("{9A19103F-16F7-4668-BE54-9A1E7A4F7556}") = "Localization", "Localization\Localization.csproj", "{ED28A428-560D-45C0-9BAD-8C0E2DB4FDD2}"
EndProject
Project("{9A19103F-16F7-4668-BE54-9A1E7A4F7556}") = "DependencyInjection.Tests", "DependencyInjection.Tests\DependencyInjection.Tests.csproj", "{88C8881B-6545-4569-A65C-EB5124D2EC89}"
EndProject
Project("{54A90642-561A-4BB1-A94E-469ADEE60C69}") = "ReactRichTextEditor", "ReactRichTextEditor\ReactRichTextEditor.esproj", "{B0BEBCEB-65E5-4E14-82B4-F6427A2AB139}"
EndProject
Global
	GlobalSection(SolutionConfigurationPlatforms) = preSolution
		Debug|Any CPU = Debug|Any CPU
		Debug|x64 = Debug|x64
		Debug|x86 = Debug|x86
		Release|Any CPU = Release|Any CPU
		Release|x64 = Release|x64
		Release|x86 = Release|x86
	EndGlobalSection
	GlobalSection(ProjectConfigurationPlatforms) = postSolution
		{4F1BD858-1AE0-4BC1-B8CA-16703E6D8C74}.Debug|Any CPU.ActiveCfg = Debug|Any CPU
		{4F1BD858-1AE0-4BC1-B8CA-16703E6D8C74}.Debug|Any CPU.Build.0 = Debug|Any CPU
		{4F1BD858-1AE0-4BC1-B8CA-16703E6D8C74}.Debug|x64.ActiveCfg = Debug|Any CPU
		{4F1BD858-1AE0-4BC1-B8CA-16703E6D8C74}.Debug|x64.Build.0 = Debug|Any CPU
		{4F1BD858-1AE0-4BC1-B8CA-16703E6D8C74}.Debug|x86.ActiveCfg = Debug|Any CPU
		{4F1BD858-1AE0-4BC1-B8CA-16703E6D8C74}.Debug|x86.Build.0 = Debug|Any CPU
		{4F1BD858-1AE0-4BC1-B8CA-16703E6D8C74}.Release|Any CPU.ActiveCfg = Release|Any CPU
		{4F1BD858-1AE0-4BC1-B8CA-16703E6D8C74}.Release|Any CPU.Build.0 = Release|Any CPU
		{4F1BD858-1AE0-4BC1-B8CA-16703E6D8C74}.Release|x64.ActiveCfg = Release|Any CPU
		{4F1BD858-1AE0-4BC1-B8CA-16703E6D8C74}.Release|x64.Build.0 = Release|Any CPU
		{4F1BD858-1AE0-4BC1-B8CA-16703E6D8C74}.Release|x86.ActiveCfg = Release|Any CPU
		{4F1BD858-1AE0-4BC1-B8CA-16703E6D8C74}.Release|x86.Build.0 = Release|Any CPU
		{EA4BA616-53C5-428E-AF41-745B295FF07A}.Debug|Any CPU.ActiveCfg = Debug|Any CPU
		{EA4BA616-53C5-428E-AF41-745B295FF07A}.Debug|Any CPU.Build.0 = Debug|Any CPU
		{EA4BA616-53C5-428E-AF41-745B295FF07A}.Debug|x64.ActiveCfg = Debug|Any CPU
		{EA4BA616-53C5-428E-AF41-745B295FF07A}.Debug|x64.Build.0 = Debug|Any CPU
		{EA4BA616-53C5-428E-AF41-745B295FF07A}.Debug|x86.ActiveCfg = Debug|Any CPU
		{EA4BA616-53C5-428E-AF41-745B295FF07A}.Debug|x86.Build.0 = Debug|Any CPU
		{EA4BA616-53C5-428E-AF41-745B295FF07A}.Release|Any CPU.ActiveCfg = Release|Any CPU
		{EA4BA616-53C5-428E-AF41-745B295FF07A}.Release|Any CPU.Build.0 = Release|Any CPU
		{EA4BA616-53C5-428E-AF41-745B295FF07A}.Release|x64.ActiveCfg = Release|Any CPU
		{EA4BA616-53C5-428E-AF41-745B295FF07A}.Release|x64.Build.0 = Release|Any CPU
		{EA4BA616-53C5-428E-AF41-745B295FF07A}.Release|x86.ActiveCfg = Release|Any CPU
		{EA4BA616-53C5-428E-AF41-745B295FF07A}.Release|x86.Build.0 = Release|Any CPU
		{ED28A428-560D-45C0-9BAD-8C0E2DB4FDD2}.Debug|Any CPU.ActiveCfg = Debug|Any CPU
		{ED28A428-560D-45C0-9BAD-8C0E2DB4FDD2}.Debug|Any CPU.Build.0 = Debug|Any CPU
		{ED28A428-560D-45C0-9BAD-8C0E2DB4FDD2}.Debug|x64.ActiveCfg = Debug|Any CPU
		{ED28A428-560D-45C0-9BAD-8C0E2DB4FDD2}.Debug|x64.Build.0 = Debug|Any CPU
		{ED28A428-560D-45C0-9BAD-8C0E2DB4FDD2}.Debug|x86.ActiveCfg = Debug|Any CPU
		{ED28A428-560D-45C0-9BAD-8C0E2DB4FDD2}.Debug|x86.Build.0 = Debug|Any CPU
		{ED28A428-560D-45C0-9BAD-8C0E2DB4FDD2}.Release|Any CPU.ActiveCfg = Release|Any CPU
		{ED28A428-560D-45C0-9BAD-8C0E2DB4FDD2}.Release|Any CPU.Build.0 = Release|Any CPU
		{ED28A428-560D-45C0-9BAD-8C0E2DB4FDD2}.Release|x64.ActiveCfg = Release|Any CPU
		{ED28A428-560D-45C0-9BAD-8C0E2DB4FDD2}.Release|x64.Build.0 = Release|Any CPU
		{ED28A428-560D-45C0-9BAD-8C0E2DB4FDD2}.Release|x86.ActiveCfg = Release|Any CPU
		{ED28A428-560D-45C0-9BAD-8C0E2DB4FDD2}.Release|x86.Build.0 = Release|Any CPU
		{88C8881B-6545-4569-A65C-EB5124D2EC89}.Debug|Any CPU.ActiveCfg = Debug|Any CPU
		{88C8881B-6545-4569-A65C-EB5124D2EC89}.Debug|Any CPU.Build.0 = Debug|Any CPU
		{88C8881B-6545-4569-A65C-EB5124D2EC89}.Debug|x64.ActiveCfg = Debug|Any CPU
		{88C8881B-6545-4569-A65C-EB5124D2EC89}.Debug|x64.Build.0 = Debug|Any CPU
		{88C8881B-6545-4569-A65C-EB5124D2EC89}.Debug|x86.ActiveCfg = Debug|Any CPU
		{88C8881B-6545-4569-A65C-EB5124D2EC89}.Debug|x86.Build.0 = Debug|Any CPU
		{88C8881B-6545-4569-A65C-EB5124D2EC89}.Release|Any CPU.ActiveCfg = Release|Any CPU
		{88C8881B-6545-4569-A65C-EB5124D2EC89}.Release|Any CPU.Build.0 = Release|Any CPU
		{88C8881B-6545-4569-A65C-EB5124D2EC89}.Release|x64.ActiveCfg = Release|Any CPU
		{88C8881B-6545-4569-A65C-EB5124D2EC89}.Release|x64.Build.0 = Release|Any CPU
		{88C8881B-6545-4569-A65C-EB5124D2EC89}.Release|x86.ActiveCfg = Release|Any CPU
		{88C8881B-6545-4569-A65C-EB5124D2EC89}.Release|x86.Build.0 = Release|Any CPU
		{B0BEBCEB-65E5-4E14-82B4-F6427A2AB139}.Debug|Any CPU.ActiveCfg = Debug|Any CPU
		{B0BEBCEB-65E5-4E14-82B4-F6427A2AB139}.Debug|Any CPU.Build.0 = Debug|Any CPU
		{B0BEBCEB-65E5-4E14-82B4-F6427A2AB139}.Debug|Any CPU.Deploy.0 = Debug|Any CPU
		{B0BEBCEB-65E5-4E14-82B4-F6427A2AB139}.Debug|x64.ActiveCfg = Debug|Any CPU
		{B0BEBCEB-65E5-4E14-82B4-F6427A2AB139}.Debug|x64.Build.0 = Debug|Any CPU
		{B0BEBCEB-65E5-4E14-82B4-F6427A2AB139}.Debug|x64.Deploy.0 = Debug|Any CPU
		{B0BEBCEB-65E5-4E14-82B4-F6427A2AB139}.Debug|x86.ActiveCfg = Debug|Any CPU
		{B0BEBCEB-65E5-4E14-82B4-F6427A2AB139}.Debug|x86.Build.0 = Debug|Any CPU
		{B0BEBCEB-65E5-4E14-82B4-F6427A2AB139}.Debug|x86.Deploy.0 = Debug|Any CPU
		{B0BEBCEB-65E5-4E14-82B4-F6427A2AB139}.Release|Any CPU.ActiveCfg = Release|Any CPU
		{B0BEBCEB-65E5-4E14-82B4-F6427A2AB139}.Release|Any CPU.Build.0 = Release|Any CPU
		{B0BEBCEB-65E5-4E14-82B4-F6427A2AB139}.Release|Any CPU.Deploy.0 = Release|Any CPU
		{B0BEBCEB-65E5-4E14-82B4-F6427A2AB139}.Release|x64.ActiveCfg = Release|Any CPU
		{B0BEBCEB-65E5-4E14-82B4-F6427A2AB139}.Release|x64.Build.0 = Release|Any CPU
		{B0BEBCEB-65E5-4E14-82B4-F6427A2AB139}.Release|x64.Deploy.0 = Release|Any CPU
		{B0BEBCEB-65E5-4E14-82B4-F6427A2AB139}.Release|x86.ActiveCfg = Release|Any CPU
		{B0BEBCEB-65E5-4E14-82B4-F6427A2AB139}.Release|x86.Build.0 = Release|Any CPU
		{B0BEBCEB-65E5-4E14-82B4-F6427A2AB139}.Release|x86.Deploy.0 = Release|Any CPU
	EndGlobalSection
	GlobalSection(SolutionProperties) = preSolution
		HideSolutionNode = FALSE
	EndGlobalSection
	GlobalSection(ExtensibilityGlobals) = postSolution
		SolutionGuid = {F74FE4A2-1243-4B30-9502-944244636134}
	EndGlobalSection
EndGlobal
